
Microsoft Visual Studio Solution File, Format Version 12.00
# Visual Studio 15
VisualStudioVersion = 15.0.26124.0
MinimumVisualStudioVersion = 15.0.26124.0
Project("{2150E333-8FDC-42A3-9474-1A3956D46DE8}") = "src", "src", "{2C8E0115-B7AF-47F4-9CA6-EBD9A0E51533}"
EndProject
Project("{9A19103F-16F7-4668-BE54-9A1E7A4F7556}") = "Cartel.Api", "src\Cartel.Api\Cartel.Api.csproj", "{B1379663-D4AA-43D0-A197-E4A125B17789}"
EndProject
Project("{9A19103F-16F7-4668-BE54-9A1E7A4F7556}") = "Cartel.Services.Identity", "src\Cartel.Services.Identity\Cartel.Services.Identity.csproj", "{BC35D1FD-77DC-4468-9D1A-29DCEA12C873}"
EndProject
Project("{9A19103F-16F7-4668-BE54-9A1E7A4F7556}") = "Cartel.Services.Catalogue", "src\Cartel.Services.Catalogue\Cartel.Services.Catalogue.csproj", "{3BCBB503-FDA7-467D-BDAB-8C28F14D5C98}"
EndProject
Project("{9A19103F-16F7-4668-BE54-9A1E7A4F7556}") = "Cartel.Services.Common", "src\Cartel.Services.Common\Cartel.Services.Common.csproj", "{167A3F88-E4FC-489B-9E03-83CFF96D749A}"
EndProject
Project("{9A19103F-16F7-4668-BE54-9A1E7A4F7556}") = "Cartel.Common", "src\Cartel.Common\Cartel.Common.csproj", "{1FADC9E0-0220-424F-BD97-194CEBFC48DF}"
EndProject
Project("{9A19103F-16F7-4668-BE54-9A1E7A4F7556}") = "Cartel.Services.Inventory", "src\Cartel.Services.Inventory\Cartel.Services.Inventory.csproj", "{372E09D6-DB76-4779-8E08-1A5E6FF1649A}"
EndProject
Project("{9A19103F-16F7-4668-BE54-9A1E7A4F7556}") = "Cartel.Services.Location", "src\Cartel.Services.Location\Cartel.Services.Location.csproj", "{0B5D4765-258C-444E-AD6C-F27CDD67540D}"
EndProject
Project("{9A19103F-16F7-4668-BE54-9A1E7A4F7556}") = "Cartel.Services.Notifications", "src\Cartel.Services.Notifications\Cartel.Services.Notifications.csproj", "{7C2644E6-2A69-45FF-A43A-7B6394C0CDBB}"
EndProject
Project("{9A19103F-16F7-4668-BE54-9A1E7A4F7556}") = "Cartel.Services.Activities", "src\Cartel.Services.Activities\Cartel.Services.Activities.csproj", "{1E4325DE-B5A0-417A-9BF4-94756E6BDAFF}"
EndProject
Global
	GlobalSection(SolutionConfigurationPlatforms) = preSolution
		Debug|Any CPU = Debug|Any CPU
		Debug|x64 = Debug|x64
		Debug|x86 = Debug|x86
		Release|Any CPU = Release|Any CPU
		Release|x64 = Release|x64
		Release|x86 = Release|x86
	EndGlobalSection
	GlobalSection(ProjectConfigurationPlatforms) = postSolution
		{B1379663-D4AA-43D0-A197-E4A125B17789}.Debug|Any CPU.ActiveCfg = Debug|Any CPU
		{B1379663-D4AA-43D0-A197-E4A125B17789}.Debug|Any CPU.Build.0 = Debug|Any CPU
		{B1379663-D4AA-43D0-A197-E4A125B17789}.Debug|x64.ActiveCfg = Debug|Any CPU
		{B1379663-D4AA-43D0-A197-E4A125B17789}.Debug|x64.Build.0 = Debug|Any CPU
		{B1379663-D4AA-43D0-A197-E4A125B17789}.Debug|x86.ActiveCfg = Debug|Any CPU
		{B1379663-D4AA-43D0-A197-E4A125B17789}.Debug|x86.Build.0 = Debug|Any CPU
		{B1379663-D4AA-43D0-A197-E4A125B17789}.Release|Any CPU.ActiveCfg = Release|Any CPU
		{B1379663-D4AA-43D0-A197-E4A125B17789}.Release|Any CPU.Build.0 = Release|Any CPU
		{B1379663-D4AA-43D0-A197-E4A125B17789}.Release|x64.ActiveCfg = Release|Any CPU
		{B1379663-D4AA-43D0-A197-E4A125B17789}.Release|x64.Build.0 = Release|Any CPU
		{B1379663-D4AA-43D0-A197-E4A125B17789}.Release|x86.ActiveCfg = Release|Any CPU
		{B1379663-D4AA-43D0-A197-E4A125B17789}.Release|x86.Build.0 = Release|Any CPU
		{BC35D1FD-77DC-4468-9D1A-29DCEA12C873}.Debug|Any CPU.ActiveCfg = Debug|Any CPU
		{BC35D1FD-77DC-4468-9D1A-29DCEA12C873}.Debug|Any CPU.Build.0 = Debug|Any CPU
		{BC35D1FD-77DC-4468-9D1A-29DCEA12C873}.Debug|x64.ActiveCfg = Debug|Any CPU
		{BC35D1FD-77DC-4468-9D1A-29DCEA12C873}.Debug|x64.Build.0 = Debug|Any CPU
		{BC35D1FD-77DC-4468-9D1A-29DCEA12C873}.Debug|x86.ActiveCfg = Debug|Any CPU
		{BC35D1FD-77DC-4468-9D1A-29DCEA12C873}.Debug|x86.Build.0 = Debug|Any CPU
		{BC35D1FD-77DC-4468-9D1A-29DCEA12C873}.Release|Any CPU.ActiveCfg = Release|Any CPU
		{BC35D1FD-77DC-4468-9D1A-29DCEA12C873}.Release|Any CPU.Build.0 = Release|Any CPU
		{BC35D1FD-77DC-4468-9D1A-29DCEA12C873}.Release|x64.ActiveCfg = Release|Any CPU
		{BC35D1FD-77DC-4468-9D1A-29DCEA12C873}.Release|x64.Build.0 = Release|Any CPU
		{BC35D1FD-77DC-4468-9D1A-29DCEA12C873}.Release|x86.ActiveCfg = Release|Any CPU
		{BC35D1FD-77DC-4468-9D1A-29DCEA12C873}.Release|x86.Build.0 = Release|Any CPU
		{3BCBB503-FDA7-467D-BDAB-8C28F14D5C98}.Debug|Any CPU.ActiveCfg = Debug|Any CPU
		{3BCBB503-FDA7-467D-BDAB-8C28F14D5C98}.Debug|Any CPU.Build.0 = Debug|Any CPU
		{3BCBB503-FDA7-467D-BDAB-8C28F14D5C98}.Debug|x64.ActiveCfg = Debug|Any CPU
		{3BCBB503-FDA7-467D-BDAB-8C28F14D5C98}.Debug|x64.Build.0 = Debug|Any CPU
		{3BCBB503-FDA7-467D-BDAB-8C28F14D5C98}.Debug|x86.ActiveCfg = Debug|Any CPU
		{3BCBB503-FDA7-467D-BDAB-8C28F14D5C98}.Debug|x86.Build.0 = Debug|Any CPU
		{3BCBB503-FDA7-467D-BDAB-8C28F14D5C98}.Release|Any CPU.ActiveCfg = Release|Any CPU
		{3BCBB503-FDA7-467D-BDAB-8C28F14D5C98}.Release|Any CPU.Build.0 = Release|Any CPU
		{3BCBB503-FDA7-467D-BDAB-8C28F14D5C98}.Release|x64.ActiveCfg = Release|Any CPU
		{3BCBB503-FDA7-467D-BDAB-8C28F14D5C98}.Release|x64.Build.0 = Release|Any CPU
		{3BCBB503-FDA7-467D-BDAB-8C28F14D5C98}.Release|x86.ActiveCfg = Release|Any CPU
		{3BCBB503-FDA7-467D-BDAB-8C28F14D5C98}.Release|x86.Build.0 = Release|Any CPU
		{167A3F88-E4FC-489B-9E03-83CFF96D749A}.Debug|Any CPU.ActiveCfg = Debug|Any CPU
		{167A3F88-E4FC-489B-9E03-83CFF96D749A}.Debug|Any CPU.Build.0 = Debug|Any CPU
		{167A3F88-E4FC-489B-9E03-83CFF96D749A}.Debug|x64.ActiveCfg = Debug|Any CPU
		{167A3F88-E4FC-489B-9E03-83CFF96D749A}.Debug|x64.Build.0 = Debug|Any CPU
		{167A3F88-E4FC-489B-9E03-83CFF96D749A}.Debug|x86.ActiveCfg = Debug|Any CPU
		{167A3F88-E4FC-489B-9E03-83CFF96D749A}.Debug|x86.Build.0 = Debug|Any CPU
		{167A3F88-E4FC-489B-9E03-83CFF96D749A}.Release|Any CPU.ActiveCfg = Release|Any CPU
		{167A3F88-E4FC-489B-9E03-83CFF96D749A}.Release|Any CPU.Build.0 = Release|Any CPU
		{167A3F88-E4FC-489B-9E03-83CFF96D749A}.Release|x64.ActiveCfg = Release|Any CPU
		{167A3F88-E4FC-489B-9E03-83CFF96D749A}.Release|x64.Build.0 = Release|Any CPU
		{167A3F88-E4FC-489B-9E03-83CFF96D749A}.Release|x86.ActiveCfg = Release|Any CPU
		{167A3F88-E4FC-489B-9E03-83CFF96D749A}.Release|x86.Build.0 = Release|Any CPU
		{1FADC9E0-0220-424F-BD97-194CEBFC48DF}.Debug|Any CPU.ActiveCfg = Debug|Any CPU
		{1FADC9E0-0220-424F-BD97-194CEBFC48DF}.Debug|Any CPU.Build.0 = Debug|Any CPU
		{1FADC9E0-0220-424F-BD97-194CEBFC48DF}.Debug|x64.ActiveCfg = Debug|Any CPU
		{1FADC9E0-0220-424F-BD97-194CEBFC48DF}.Debug|x64.Build.0 = Debug|Any CPU
		{1FADC9E0-0220-424F-BD97-194CEBFC48DF}.Debug|x86.ActiveCfg = Debug|Any CPU
		{1FADC9E0-0220-424F-BD97-194CEBFC48DF}.Debug|x86.Build.0 = Debug|Any CPU
		{1FADC9E0-0220-424F-BD97-194CEBFC48DF}.Release|Any CPU.ActiveCfg = Release|Any CPU
		{1FADC9E0-0220-424F-BD97-194CEBFC48DF}.Release|Any CPU.Build.0 = Release|Any CPU
		{1FADC9E0-0220-424F-BD97-194CEBFC48DF}.Release|x64.ActiveCfg = Release|Any CPU
		{1FADC9E0-0220-424F-BD97-194CEBFC48DF}.Release|x64.Build.0 = Release|Any CPU
		{1FADC9E0-0220-424F-BD97-194CEBFC48DF}.Release|x86.ActiveCfg = Release|Any CPU
		{1FADC9E0-0220-424F-BD97-194CEBFC48DF}.Release|x86.Build.0 = Release|Any CPU
		{372E09D6-DB76-4779-8E08-1A5E6FF1649A}.Debug|Any CPU.ActiveCfg = Debug|Any CPU
		{372E09D6-DB76-4779-8E08-1A5E6FF1649A}.Debug|Any CPU.Build.0 = Debug|Any CPU
		{372E09D6-DB76-4779-8E08-1A5E6FF1649A}.Debug|x64.ActiveCfg = Debug|Any CPU
		{372E09D6-DB76-4779-8E08-1A5E6FF1649A}.Debug|x64.Build.0 = Debug|Any CPU
		{372E09D6-DB76-4779-8E08-1A5E6FF1649A}.Debug|x86.ActiveCfg = Debug|Any CPU
		{372E09D6-DB76-4779-8E08-1A5E6FF1649A}.Debug|x86.Build.0 = Debug|Any CPU
		{372E09D6-DB76-4779-8E08-1A5E6FF1649A}.Release|Any CPU.ActiveCfg = Release|Any CPU
		{372E09D6-DB76-4779-8E08-1A5E6FF1649A}.Release|Any CPU.Build.0 = Release|Any CPU
		{372E09D6-DB76-4779-8E08-1A5E6FF1649A}.Release|x64.ActiveCfg = Release|Any CPU
		{372E09D6-DB76-4779-8E08-1A5E6FF1649A}.Release|x64.Build.0 = Release|Any CPU
		{372E09D6-DB76-4779-8E08-1A5E6FF1649A}.Release|x86.ActiveCfg = Release|Any CPU
		{372E09D6-DB76-4779-8E08-1A5E6FF1649A}.Release|x86.Build.0 = Release|Any CPU
		{0B5D4765-258C-444E-AD6C-F27CDD67540D}.Debug|Any CPU.ActiveCfg = Debug|Any CPU
		{0B5D4765-258C-444E-AD6C-F27CDD67540D}.Debug|Any CPU.Build.0 = Debug|Any CPU
		{0B5D4765-258C-444E-AD6C-F27CDD67540D}.Debug|x64.ActiveCfg = Debug|Any CPU
		{0B5D4765-258C-444E-AD6C-F27CDD67540D}.Debug|x64.Build.0 = Debug|Any CPU
		{0B5D4765-258C-444E-AD6C-F27CDD67540D}.Debug|x86.ActiveCfg = Debug|Any CPU
		{0B5D4765-258C-444E-AD6C-F27CDD67540D}.Debug|x86.Build.0 = Debug|Any CPU
		{0B5D4765-258C-444E-AD6C-F27CDD67540D}.Release|Any CPU.ActiveCfg = Release|Any CPU
		{0B5D4765-258C-444E-AD6C-F27CDD67540D}.Release|Any CPU.Build.0 = Release|Any CPU
		{0B5D4765-258C-444E-AD6C-F27CDD67540D}.Release|x64.ActiveCfg = Release|Any CPU
		{0B5D4765-258C-444E-AD6C-F27CDD67540D}.Release|x64.Build.0 = Release|Any CPU
		{0B5D4765-258C-444E-AD6C-F27CDD67540D}.Release|x86.ActiveCfg = Release|Any CPU
		{0B5D4765-258C-444E-AD6C-F27CDD67540D}.Release|x86.Build.0 = Release|Any CPU
		{7C2644E6-2A69-45FF-A43A-7B6394C0CDBB}.Debug|Any CPU.ActiveCfg = Debug|Any CPU
		{7C2644E6-2A69-45FF-A43A-7B6394C0CDBB}.Debug|Any CPU.Build.0 = Debug|Any CPU
		{7C2644E6-2A69-45FF-A43A-7B6394C0CDBB}.Debug|x64.ActiveCfg = Debug|Any CPU
		{7C2644E6-2A69-45FF-A43A-7B6394C0CDBB}.Debug|x64.Build.0 = Debug|Any CPU
		{7C2644E6-2A69-45FF-A43A-7B6394C0CDBB}.Debug|x86.ActiveCfg = Debug|Any CPU
		{7C2644E6-2A69-45FF-A43A-7B6394C0CDBB}.Debug|x86.Build.0 = Debug|Any CPU
		{7C2644E6-2A69-45FF-A43A-7B6394C0CDBB}.Release|Any CPU.ActiveCfg = Release|Any CPU
		{7C2644E6-2A69-45FF-A43A-7B6394C0CDBB}.Release|Any CPU.Build.0 = Release|Any CPU
		{7C2644E6-2A69-45FF-A43A-7B6394C0CDBB}.Release|x64.ActiveCfg = Release|Any CPU
		{7C2644E6-2A69-45FF-A43A-7B6394C0CDBB}.Release|x64.Build.0 = Release|Any CPU
		{7C2644E6-2A69-45FF-A43A-7B6394C0CDBB}.Release|x86.ActiveCfg = Release|Any CPU
		{7C2644E6-2A69-45FF-A43A-7B6394C0CDBB}.Release|x86.Build.0 = Release|Any CPU
		{1E4325DE-B5A0-417A-9BF4-94756E6BDAFF}.Debug|Any CPU.ActiveCfg = Debug|Any CPU
		{1E4325DE-B5A0-417A-9BF4-94756E6BDAFF}.Debug|Any CPU.Build.0 = Debug|Any CPU
		{1E4325DE-B5A0-417A-9BF4-94756E6BDAFF}.Debug|x64.ActiveCfg = Debug|Any CPU
		{1E4325DE-B5A0-417A-9BF4-94756E6BDAFF}.Debug|x64.Build.0 = Debug|Any CPU
		{1E4325DE-B5A0-417A-9BF4-94756E6BDAFF}.Debug|x86.ActiveCfg = Debug|Any CPU
		{1E4325DE-B5A0-417A-9BF4-94756E6BDAFF}.Debug|x86.Build.0 = Debug|Any CPU
		{1E4325DE-B5A0-417A-9BF4-94756E6BDAFF}.Release|Any CPU.ActiveCfg = Release|Any CPU
		{1E4325DE-B5A0-417A-9BF4-94756E6BDAFF}.Release|Any CPU.Build.0 = Release|Any CPU
		{1E4325DE-B5A0-417A-9BF4-94756E6BDAFF}.Release|x64.ActiveCfg = Release|Any CPU
		{1E4325DE-B5A0-417A-9BF4-94756E6BDAFF}.Release|x64.Build.0 = Release|Any CPU
		{1E4325DE-B5A0-417A-9BF4-94756E6BDAFF}.Release|x86.ActiveCfg = Release|Any CPU
		{1E4325DE-B5A0-417A-9BF4-94756E6BDAFF}.Release|x86.Build.0 = Release|Any CPU
	EndGlobalSection
	GlobalSection(SolutionProperties) = preSolution
		HideSolutionNode = FALSE
	EndGlobalSection
	GlobalSection(NestedProjects) = preSolution
		{B1379663-D4AA-43D0-A197-E4A125B17789} = {2C8E0115-B7AF-47F4-9CA6-EBD9A0E51533}
		{BC35D1FD-77DC-4468-9D1A-29DCEA12C873} = {2C8E0115-B7AF-47F4-9CA6-EBD9A0E51533}
		{3BCBB503-FDA7-467D-BDAB-8C28F14D5C98} = {2C8E0115-B7AF-47F4-9CA6-EBD9A0E51533}
		{167A3F88-E4FC-489B-9E03-83CFF96D749A} = {2C8E0115-B7AF-47F4-9CA6-EBD9A0E51533}
		{1FADC9E0-0220-424F-BD97-194CEBFC48DF} = {2C8E0115-B7AF-47F4-9CA6-EBD9A0E51533}
		{372E09D6-DB76-4779-8E08-1A5E6FF1649A} = {2C8E0115-B7AF-47F4-9CA6-EBD9A0E51533}
		{0B5D4765-258C-444E-AD6C-F27CDD67540D} = {2C8E0115-B7AF-47F4-9CA6-EBD9A0E51533}
		{7C2644E6-2A69-45FF-A43A-7B6394C0CDBB} = {2C8E0115-B7AF-47F4-9CA6-EBD9A0E51533}
		{1E4325DE-B5A0-417A-9BF4-94756E6BDAFF} = {2C8E0115-B7AF-47F4-9CA6-EBD9A0E51533}
	EndGlobalSection
	GlobalSection(ExtensibilityGlobals) = postSolution
		SolutionGuid = {5911178B-9F78-4CEA-9DA6-BA2BD5B2ECCD}
	EndGlobalSection
EndGlobal
